// !$*UTF8*$!
{
	archiveVersion = 1;
	classes = {
	};
	objectVersion = 77;
	objects = {

/* Begin PBXBuildFile section */
		6A341C102F8F2878003FB276 /* WidgetKit.framework in Frameworks */ = {isa = PBXBuildFile; fileRef = 6A341C0F2F8F2878003FB276 /* WidgetKit.framework */; };
		6A341C122F8F2878003FB276 /* SwiftUI.framework in Frameworks */ = {isa = PBXBuildFile; fileRef = 6A341C112F8F2878003FB276 /* SwiftUI.framework */; };
		6A341C1D2F8F287B003FB276 /* White​Noise​WidgetsExtension.appex in Embed Foundation Extensions */ = {isa = PBXBuildFile; fileRef = 6A341C0D2F8F2878003FB276 /* White​Noise​WidgetsExtension.appex */; settings = {ATTRIBUTES = (RemoveHeadersOnCopy, ); }; };
		6A694B3F2F90B98700E2A337 /* FirebaseAnalytics in Frameworks */ = {isa = PBXBuildFile; productRef = 6A694B3E2F90B98700E2A337 /* FirebaseAnalytics */; };
		6A694B412F90C90100E2A337 /* RevenueCat in Frameworks */ = {isa = PBXBuildFile; productRef = 6A694B402F90C90100E2A337 /* RevenueCat */; };
/* End PBXBuildFile section */

/* Begin PBXContainerItemProxy section */
		6A24DE0F2F8C8B1100BC532A /* PBXContainerItemProxy */ = {
			isa = PBXContainerItemProxy;
			containerPortal = 6A24DDF92F8C8B0F00BC532A /* Project object */;
			proxyType = 1;
			remoteGlobalIDString = 6A24DE002F8C8B0F00BC532A;
			remoteInfo = "White Noise - Sleep Sounds";
		};
		6A24DE192F8C8B1100BC532A /* PBXContainerItemProxy */ = {
			isa = PBXContainerItemProxy;
			containerPortal = 6A24DDF92F8C8B0F00BC532A /* Project object */;
			proxyType = 1;
			remoteGlobalIDString = 6A24DE002F8C8B0F00BC532A;
			remoteInfo = "White Noise - Sleep Sounds";
		};
		6A341C1B2F8F287B003FB276 /* PBXContainerItemProxy */ = {
			isa = PBXContainerItemProxy;
			containerPortal = 6A24DDF92F8C8B0F00BC532A /* Project object */;
			proxyType = 1;
			remoteGlobalIDString = 6A341C0C2F8F2878003FB276;
			remoteInfo = "White​Noise​WidgetsExtension";
		};
/* End PBXContainerItemProxy section */

/* Begin PBXCopyFilesBuildPhase section */
		6A341C222F8F287B003FB276 /* Embed Foundation Extensions */ = {
			isa = PBXCopyFilesBuildPhase;
			buildActionMask = 2147483647;
			dstPath = "";
			dstSubfolderSpec = 13;
			files = (
				6A341C1D2F8F287B003FB276 /* White​Noise​WidgetsExtension.appex in Embed Foundation Extensions */,
			);
			name = "Embed Foundation Extensions";
			runOnlyForDeploymentPostprocessing = 0;
		};
/* End PBXCopyFilesBuildPhase section */

/* Begin PBXFileReference section */
		6A24DE012F8C8B0F00BC532A /* White Noise - Sleep Sounds.app */ = {isa = PBXFileReference; explicitFileType = wrapper.application; includeInIndex = 0; path = "White Noise - Sleep Sounds.app"; sourceTree = BUILT_PRODUCTS_DIR; };
		6A24DE0E2F8C8B1100BC532A /* White Noise - Sleep SoundsTests.xctest */ = {isa = PBXFileReference; explicitFileType = wrapper.cfbundle; includeInIndex = 0; path = "White Noise - Sleep SoundsTests.xctest"; sourceTree = BUILT_PRODUCTS_DIR; };
		6A24DE182F8C8B1100BC532A /* White Noise - Sleep SoundsUITests.xctest */ = {isa = PBXFileReference; explicitFileType = wrapper.cfbundle; includeInIndex = 0; path = "White Noise - Sleep SoundsUITests.xctest"; sourceTree = BUILT_PRODUCTS_DIR; };
		6A341C0D2F8F2878003FB276 /* White​Noise​WidgetsExtension.appex */ = {isa = PBXFileReference; explicitFileType = "wrapper.app-extension"; includeInIndex = 0; path = "White​Noise​WidgetsExtension.appex"; sourceTree = BUILT_PRODUCTS_DIR; };
		6A341C0F2F8F2878003FB276 /* WidgetKit.framework */ = {isa = PBXFileReference; lastKnownFileType = wrapper.framework; name = WidgetKit.framework; path = System/Library/Frameworks/WidgetKit.framework; sourceTree = SDKROOT; };
		6A341C112F8F2878003FB276 /* SwiftUI.framework */ = {isa = PBXFileReference; lastKnownFileType = wrapper.framework; name = SwiftUI.framework; path = System/Library/Frameworks/SwiftUI.framework; sourceTree = SDKROOT; };
/* End PBXFileReference section */

/* Begin PBXFileSystemSynchronizedBuildFileExceptionSet section */
		6A341BED2F8F1840003FB276 /* Exceptions for "White Noise - Sleep Sounds" folder in "White Noise - Sleep Sounds" target */ = {
			isa = PBXFileSystemSynchronizedBuildFileExceptionSet;
			membershipExceptions = (
				Info.plist,
			);
			target = 6A24DE002F8C8B0F00BC532A /* White Noise - Sleep Sounds */;
		};
		6A341C212F8F287B003FB276 /* Exceptions for "White​Noise​Widgets" folder in "White​Noise​WidgetsExtension" target */ = {
			isa = PBXFileSystemSynchronizedBuildFileExceptionSet;
			membershipExceptions = (
				Info.plist,
			);
			target = 6A341C0C2F8F2878003FB276 /* White​Noise​WidgetsExtension */;
		};
/* End PBXFileSystemSynchronizedBuildFileExceptionSet section */

/* Begin PBXFileSystemSynchronizedRootGroup section */
		6A24DE032F8C8B0F00BC532A /* White Noise - Sleep Sounds */ = {
			isa = PBXFileSystemSynchronizedRootGroup;
			exceptions = (
				6A341BED2F8F1840003FB276 /* Exceptions for "White Noise - Sleep Sounds" folder in "White Noise - Sleep Sounds" target */,
			);
			path = "White Noise - Sleep Sounds";
			sourceTree = "<group>";
		};
		6A24DE112F8C8B1100BC532A /* White Noise - Sleep SoundsTests */ = {
			isa = PBXFileSystemSynchronizedRootGroup;
			path = "White Noise - Sleep SoundsTests";
			sourceTree = "<group>";
		};
		6A24DE1B2F8C8B1100BC532A /* White Noise - Sleep SoundsUITests */ = {
			isa = PBXFileSystemSynchronizedRootGroup;
			path = "White Noise - Sleep SoundsUITests";
			sourceTree = "<group>";
		};
		6A341C132F8F2878003FB276 /* White​Noise​Widgets */ = {
			isa = PBXFileSystemSynchronizedRootGroup;
			exceptions = (
				6A341C212F8F287B003FB276 /* Exceptions for "White​Noise​Widgets" folder in "White​Noise​WidgetsExtension" target */,
			);
			path = "White​Noise​Widgets";
			sourceTree = "<group>";
		};
/* End PBXFileSystemSynchronizedRootGroup section */

/* Begin PBXFrameworksBuildPhase section */
		6A24DDFE2F8C8B0F00BC532A /* Frameworks */ = {
			isa = PBXFrameworksBuildPhase;
			buildActionMask = 2147483647;
			files = (
				6A694B412F90C90100E2A337 /* RevenueCat in Frameworks */,
				6A694B3F2F90B98700E2A337 /* FirebaseAnalytics in Frameworks */,
			);
			runOnlyForDeploymentPostprocessing = 0;
		};
		6A24DE0B2F8C8B1100BC532A /* Frameworks */ = {
			isa = PBXFrameworksBuildPhase;
			buildActionMask = 2147483647;
			files = (
			);
			runOnlyForDeploymentPostprocessing = 0;
		};
		6A24DE152F8C8B1100BC532A /* Frameworks */ = {
			isa = PBXFrameworksBuildPhase;
			buildActionMask = 2147483647;
			files = (
			);
			runOnlyForDeploymentPostprocessing = 0;
		};
		6A341C0A2F8F2878003FB276 /* Frameworks */ = {
			isa = PBXFrameworksBuildPhase;
			buildActionMask = 2147483647;
			files = (
				6A341C122F8F2878003FB276 /* SwiftUI.framework in Frameworks */,
				6A341C102F8F2878003FB276 /* WidgetKit.framework in Frameworks */,
			);
			runOnlyForDeploymentPostprocessing = 0;
		};
/* End PBXFrameworksBuildPhase section */

/* Begin PBXGroup section */
		6A24DDF82F8C8B0F00BC532A = {
			isa = PBXGroup;
			children = (
				6A24DE032F8C8B0F00BC532A /* White Noise - Sleep Sounds */,
				6A24DE112F8C8B1100BC532A /* White Noise - Sleep SoundsTests */,
				6A24DE1B2F8C8B1100BC532A /* White Noise - Sleep SoundsUITests */,
				6A341C132F8F2878003FB276 /* White​Noise​Widgets */,
				6A341C0E2F8F2878003FB276 /* Frameworks */,
				6A24DE022F8C8B0F00BC532A /* Products */,
			);
			sourceTree = "<group>";
		};
		6A24DE022F8C8B0F00BC532A /* Products */ = {
			isa = PBXGroup;
			children = (
				6A24DE012F8C8B0F00BC532A /* White Noise - Sleep Sounds.app */,
				6A24DE0E2F8C8B1100BC532A /* White Noise - Sleep SoundsTests.xctest */,
				6A24DE182F8C8B1100BC532A /* White Noise - Sleep SoundsUITests.xctest */,
				6A341C0D2F8F2878003FB276 /* White​Noise​WidgetsExtension.appex */,
			);
			name = Products;
			sourceTree = "<group>";
		};
		6A341C0E2F8F2878003FB276 /* Frameworks */ = {
			isa = PBXGroup;
			children = (
				6A341C0F2F8F2878003FB276 /* WidgetKit.framework */,
				6A341C112F8F2878003FB276 /* SwiftUI.framework */,
			);
			name = Frameworks;
			sourceTree = "<group>";
		};
/* End PBXGroup section */

/* Begin PBXNativeTarget section */
		6A24DE002F8C8B0F00BC532A /* White Noise - Sleep Sounds */ = {
			isa = PBXNativeTarget;
			buildConfigurationList = 6A24DE222F8C8B1100BC532A /* Build configuration list for PBXNativeTarget "White Noise - Sleep Sounds" */;
			buildPhases = (
				6A24DDFD2F8C8B0F00BC532A /* Sources */,
				6A24DDFE2F8C8B0F00BC532A /* Frameworks */,
				6A24DDFF2F8C8B0F00BC532A /* Resources */,
				6A341C222F8F287B003FB276 /* Embed Foundation Extensions */,
			);
			buildRules = (
			);
			dependencies = (
				6A341C1C2F8F287B003FB276 /* PBXTargetDependency */,
			);
			fileSystemSynchronizedGroups = (
				6A24DE032F8C8B0F00BC532A /* White Noise - Sleep Sounds */,
			);
			name = "White Noise - Sleep Sounds";
			packageProductDependencies = (
				6A694B3E2F90B98700E2A337 /* FirebaseAnalytics */,
				6A694B402F90C90100E2A337 /* RevenueCat */,
			);
			productName = "White Noise - Sleep Sounds";
			productReference = 6A24DE012F8C8B0F00BC532A /* White Noise - Sleep Sounds.app */;
			productType = "com.apple.product-type.application";
		};
		6A24DE0D2F8C8B1100BC532A /* White Noise - Sleep SoundsTests */ = {
			isa = PBXNativeTarget;
			buildConfigurationList = 6A24DE252F8C8B1100BC532A /* Build configuration list for PBXNativeTarget "White Noise - Sleep SoundsTests" */;
			buildPhases = (
				6A24DE0A2F8C8B1100BC532A /* Sources */,
				6A24DE0B2F8C8B1100BC532A /* Frameworks */,
				6A24DE0C2F8C8B1100BC532A /* Resources */,
			);
			buildRules = (
			);
			dependencies = (
				6A24DE102F8C8B1100BC532A /* PBXTargetDependency */,
			);
			fileSystemSynchronizedGroups = (
				6A24DE112F8C8B1100BC532A /* White Noise - Sleep SoundsTests */,
			);
			name = "White Noise - Sleep SoundsTests";
			packageProductDependencies = (
			);
			productName = "White Noise - Sleep SoundsTests";
			productReference = 6A24DE0E2F8C8B1100BC532A /* White Noise - Sleep SoundsTests.xctest */;
			productType = "com.apple.product-type.bundle.unit-test";
		};
		6A24DE172F8C8B1100BC532A /* White Noise - Sleep SoundsUITests */ = {
			isa = PBXNativeTarget;
			buildConfigurationList = 6A24DE282F8C8B1100BC532A /* Build configuration list for PBXNativeTarget "White Noise - Sleep SoundsUITests" */;
			buildPhases = (
				6A24DE142F8C8B1100BC532A /* Sources */,
				6A24DE152F8C8B1100BC532A /* Frameworks */,
				6A24DE162F8C8B1100BC532A /* Resources */,
			);
			buildRules = (
			);
			dependencies = (
				6A24DE1A2F8C8B1100BC532A /* PBXTargetDependency */,
			);
			fileSystemSynchronizedGroups = (
				6A24DE1B2F8C8B1100BC532A /* White Noise - Sleep SoundsUITests */,
			);
			name = "White Noise - Sleep SoundsUITests";
			packageProductDependencies = (
			);
			productName = "White Noise - Sleep SoundsUITests";
			productReference = 6A24DE182F8C8B1100BC532A /* White Noise - Sleep SoundsUITests.xctest */;
			productType = "com.apple.product-type.bundle.ui-testing";
		};
		6A341C0C2F8F2878003FB276 /* White​Noise​WidgetsExtension */ = {
			isa = PBXNativeTarget;
			buildConfigurationList = 6A341C1E2F8F287B003FB276 /* Build configuration list for PBXNativeTarget "White​Noise​WidgetsExtension" */;
			buildPhases = (
				6A341C092F8F2878003FB276 /* Sources */,
				6A341C0A2F8F2878003FB276 /* Frameworks */,
				6A341C0B2F8F2878003FB276 /* Resources */,
			);
			buildRules = (
			);
			dependencies = (
			);
			fileSystemSynchronizedGroups = (
				6A341C132F8F2878003FB276 /* White​Noise​Widgets */,
			);
			name = "White​Noise​WidgetsExtension";
			packageProductDependencies = (
			);
			productName = "White​Noise​WidgetsExtension";
			productReference = 6A341C0D2F8F2878003FB276 /* White​Noise​WidgetsExtension.appex */;
			productType = "com.apple.product-type.app-extension";
		};
/* End PBXNativeTarget section */

/* Begin PBXProject section */
		6A24DDF92F8C8B0F00BC532A /* Project object */ = {
			isa = PBXProject;
			attributes = {
				BuildIndependentTargetsInParallel = 1;
				LastSwiftUpdateCheck = 2640;
				LastUpgradeCheck = 2640;
				TargetAttributes = {
					6A24DE002F8C8B0F00BC532A = {
						CreatedOnToolsVersion = 26.4;
					};
					6A24DE0D2F8C8B1100BC532A = {
						CreatedOnToolsVersion = 26.4;
						TestTargetID = 6A24DE002F8C8B0F00BC532A;
					};
					6A24DE172F8C8B1100BC532A = {
						CreatedOnToolsVersion = 26.4;
						TestTargetID = 6A24DE002F8C8B0F00BC532A;
					};
					6A341C0C2F8F2878003FB276 = {
						CreatedOnToolsVersion = 26.4;
					};
				};
			};
			buildConfigurationList = 6A24DDFC2F8C8B0F00BC532A /* Build configuration list for PBXProject "White Noise - Sleep Sounds" */;
			developmentRegion = en;
			hasScannedForEncodings = 0;
			knownRegions = (
				en,
				Base,
			);
			mainGroup = 6A24DDF82F8C8B0F00BC532A;
			minimizedProjectReferenceProxies = 1;
			packageReferences = (
				6A341BEE2F8F19AD003FB276 /* XCRemoteSwiftPackageReference "purchases-ios" */,
				6A694B3B2F90B89300E2A337 /* XCRemoteSwiftPackageReference "firebase-ios-sdk" */,
			);
			preferredProjectObjectVersion = 77;
			productRefGroup = 6A24DE022F8C8B0F00BC532A /* Products */;
			projectDirPath = "";
			projectRoot = "";
			targets = (
				6A24DE002F8C8B0F00BC532A /* White Noise - Sleep Sounds */,
				6A24DE0D2F8C8B1100BC532A /* White Noise - Sleep SoundsTests */,
				6A24DE172F8C8B1100BC532A /* White Noise - Sleep SoundsUITests */,
				6A341C0C2F8F2878003FB276 /* White​Noise​WidgetsExtension */,
			);
		};
/* End PBXProject section */

/* Begin PBXResourcesBuildPhase section */
		6A24DDFF2F8C8B0F00BC532A /* Resources */ = {
			isa = PBXResourcesBuildPhase;
			buildActionMask = 2147483647;
			files = (
			);
			runOnlyForDeploymentPostprocessing = 0;
		};
		6A24DE0C2F8C8B1100BC532A /* Resources */ = {
			isa = PBXResourcesBuildPhase;
			buildActionMask = 2147483647;
			files = (
			);
			runOnlyForDeploymentPostprocessing = 0;
		};
		6A24DE162F8C8B1100BC532A /* Resources */ = {
			isa = PBXResourcesBuildPhase;
			buildActionMask = 2147483647;
			files = (
			);
			runOnlyForDeploymentPostprocessing = 0;
		};
		6A341C0B2F8F2878003FB276 /* Resources */ = {
			isa = PBXResourcesBuildPhase;
			buildActionMask = 2147483647;
			files = (
			);
			runOnlyForDeploymentPostprocessing = 0;
		};
/* End PBXResourcesBuildPhase section */

/* Begin PBXSourcesBuildPhase section */
		6A24DDFD2F8C8B0F00BC532A /* Sources */ = {
			isa = PBXSourcesBuildPhase;
			buildActionMask = 2147483647;
			files = (
			);
			runOnlyForDeploymentPostprocessing = 0;
		};
		6A24DE0A2F8C8B1100BC532A /* Sources */ = {
			isa = PBXSourcesBuildPhase;
			buildActionMask = 2147483647;
			files = (
			);
			runOnlyForDeploymentPostprocessing = 0;
		};
		6A24DE142F8C8B1100BC532A /* Sources */ = {
			isa = PBXSourcesBuildPhase;
			buildActionMask = 2147483647;
			files = (
			);
			runOnlyForDeploymentPostprocessing = 0;
		};
		6A341C092F8F2878003FB276 /* Sources */ = {
			isa = PBXSourcesBuildPhase;
			buildActionMask = 2147483647;
			files = (
			);
			runOnlyForDeploymentPostprocessing = 0;
		};
/* End PBXSourcesBuildPhase section */

/* Begin PBXTargetDependency section */
		6A24DE102F8C8B1100BC532A /* PBXTargetDependency */ = {
			isa = PBXTargetDependency;
			target = 6A24DE002F8C8B0F00BC532A /* White Noise - Sleep Sounds */;
			targetProxy = 6A24DE0F2F8C8B1100BC532A /* PBXContainerItemProxy */;
		};
		6A24DE1A2F8C8B1100BC532A /* PBXTargetDependency */ = {
			isa = PBXTargetDependency;
			target = 6A24DE002F8C8B0F00BC532A /* White Noise - Sleep Sounds */;
			targetProxy = 6A24DE192F8C8B1100BC532A /* PBXContainerItemProxy */;
		};
		6A341C1C2F8F287B003FB276 /* PBXTargetDependency */ = {
			isa = PBXTargetDependency;
			target = 6A341C0C2F8F2878003FB276 /* White​Noise​WidgetsExtension */;
			targetProxy = 6A341C1B2F8F287B003FB276 /* PBXContainerItemProxy */;
		};
/* End PBXTargetDependency section */

/* Begin XCBuildConfiguration section */
		6A24DE202F8C8B1100BC532A /* Debug */ = {
			isa = XCBuildConfiguration;
			buildSettings = {
				ALWAYS_SEARCH_USER_PATHS = NO;
				ASSETCATALOG_COMPILER_GENERATE_SWIFT_ASSET_SYMBOL_EXTENSIONS = YES;
				CLANG_ANALYZER_NONNULL = YES;
				CLANG_ANALYZER_NUMBER_OBJECT_CONVERSION = YES_AGGRESSIVE;
				CLANG_CXX_LANGUAGE_STANDARD = "gnu++20";
				CLANG_ENABLE_MODULES = YES;
				CLANG_ENABLE_OBJC_ARC = YES;
				CLANG_ENABLE_OBJC_WEAK = YES;
				CLANG_WARN_BLOCK_CAPTURE_AUTORELEASING = YES;
				CLANG_WARN_BOOL_CONVERSION = YES;
				CLANG_WARN_COMMA = YES;
				CLANG_WARN_CONSTANT_CONVERSION = YES;
				CLANG_WARN_DEPRECATED_OBJC_IMPLEMENTATIONS = YES;
				CLANG_WARN_DIRECT_OBJC_ISA_USAGE = YES_ERROR;
				CLANG_WARN_DOCUMENTATION_COMMENTS = YES;
				CLANG_WARN_EMPTY_BODY = YES;
				CLANG_WARN_ENUM_CONVERSION = YES;
				CLANG_WARN_INFINITE_RECURSION = YES;
				CLANG_WARN_INT_CONVERSION = YES;
				CLANG_WARN_NON_LITERAL_NULL_CONVERSION = YES;
				CLANG_WARN_OBJC_IMPLICIT_RETAIN_SELF = YES;
				CLANG_WARN_OBJC_LITERAL_CONVERSION = YES;
				CLANG_WARN_OBJC_ROOT_CLASS = YES_ERROR;
				CLANG_WARN_QUOTED_INCLUDE_IN_FRAMEWORK_HEADER = YES;
				CLANG_WARN_RANGE_LOOP_ANALYSIS = YES;
				CLANG_WARN_STRICT_PROTOTYPES = YES;
				CLANG_WARN_SUSPICIOUS_MOVE = YES;
				CLANG_WARN_UNGUARDED_AVAILABILITY = YES_AGGRESSIVE;
				CLANG_WARN_UNREACHABLE_CODE = YES;
				CLANG_WARN__DUPLICATE_METHOD_MATCH = YES;
				COPY_PHASE_STRIP = NO;
				DEBUG_INFORMATION_FORMAT = dwarf;
				DEVELOPMENT_TEAM = 6A695EU2KW;
				ENABLE_STRICT_OBJC_MSGSEND = YES;
				ENABLE_TESTABILITY = YES;
				ENABLE_USER_SCRIPT_SANDBOXING = YES;
				GCC_C_LANGUAGE_STANDARD = gnu17;
				GCC_DYNAMIC_NO_PIC = NO;
				GCC_NO_COMMON_BLOCKS = YES;
				GCC_OPTIMIZATION_LEVEL = 0;
				GCC_PREPROCESSOR_DEFINITIONS = (
					"DEBUG=1",
					"$(inherited)",
				);
				GCC_WARN_64_TO_32_BIT_CONVERSION = YES;
				GCC_WARN_ABOUT_RETURN_TYPE = YES_ERROR;
				GCC_WARN_UNDECLARED_SELECTOR = YES;
				GCC_WARN_UNINITIALIZED_AUTOS = YES_AGGRESSIVE;
				GCC_WARN_UNUSED_FUNCTION = YES;
				GCC_WARN_UNUSED_VARIABLE = YES;
				LOCALIZATION_PREFERS_STRING_CATALOGS = YES;
				MTL_ENABLE_DEBUG_INFO = INCLUDE_SOURCE;
				MTL_FAST_MATH = YES;
				ONLY_ACTIVE_ARCH = YES;
				SWIFT_ACTIVE_COMPILATION_CONDITIONS = "DEBUG $(inherited)";
				SWIFT_OPTIMIZATION_LEVEL = "-Onone";
			};
			name = Debug;
		};
		6A24DE212F8C8B1100BC532A /* Release */ = {
			isa = XCBuildConfiguration;
			buildSettings = {
				ALWAYS_SEARCH_USER_PATHS = NO;
				ASSETCATALOG_COMPILER_GENERATE_SWIFT_ASSET_SYMBOL_EXTENSIONS = YES;
				CLANG_ANALYZER_NONNULL = YES;
				CLANG_ANALYZER_NUMBER_OBJECT_CONVERSION = YES_AGGRESSIVE;
				CLANG_CXX_LANGUAGE_STANDARD = "gnu++20";
				CLANG_ENABLE_MODULES = YES;
				CLANG_ENABLE_OBJC_ARC = YES;
				CLANG_ENABLE_OBJC_WEAK = YES;
				CLANG_WARN_BLOCK_CAPTURE_AUTORELEASING = YES;
				CLANG_WARN_BOOL_CONVERSION = YES;
				CLANG_WARN_COMMA = YES;
				CLANG_WARN_CONSTANT_CONVERSION = YES;
				CLANG_WARN_DEPRECATED_OBJC_IMPLEMENTATIONS = YES;
				CLANG_WARN_DIRECT_OBJC_ISA_USAGE = YES_ERROR;
				CLANG_WARN_DOCUMENTATION_COMMENTS = YES;
				CLANG_WARN_EMPTY_BODY = YES;
				CLANG_WARN_ENUM_CONVERSION = YES;
				CLANG_WARN_INFINITE_RECURSION = YES;
				CLANG_WARN_INT_CONVERSION = YES;
				CLANG_WARN_NON_LITERAL_NULL_CONVERSION = YES;
				CLANG_WARN_OBJC_IMPLICIT_RETAIN_SELF = YES;
				CLANG_WARN_OBJC_LITERAL_CONVERSION = YES;
				CLANG_WARN_OBJC_ROOT_CLASS = YES_ERROR;
				CLANG_WARN_QUOTED_INCLUDE_IN_FRAMEWORK_HEADER = YES;
				CLANG_WARN_RANGE_LOOP_ANALYSIS = YES;
				CLANG_WARN_STRICT_PROTOTYPES = YES;
				CLANG_WARN_SUSPICIOUS_MOVE = YES;
				CLANG_WARN_UNGUARDED_AVAILABILITY = YES_AGGRESSIVE;
				CLANG_WARN_UNREACHABLE_CODE = YES;
				CLANG_WARN__DUPLICATE_METHOD_MATCH = YES;
				COPY_PHASE_STRIP = NO;
				DEBUG_INFORMATION_FORMAT = "dwarf-with-dsym";
				DEVELOPMENT_TEAM = 6A695EU2KW;
				ENABLE_NS_ASSERTIONS = NO;
				ENABLE_STRICT_OBJC_MSGSEND = YES;
				ENABLE_USER_SCRIPT_SANDBOXING = YES;
				GCC_C_LANGUAGE_STANDARD = gnu17;
				GCC_NO_COMMON_BLOCKS = YES;
				GCC_WARN_64_TO_32_BIT_CONVERSION = YES;
				GCC_WARN_ABOUT_RETURN_TYPE = YES_ERROR;
				GCC_WARN_UNDECLARED_SELECTOR = YES;
				GCC_WARN_UNINITIALIZED_AUTOS = YES_AGGRESSIVE;
				GCC_WARN_UNUSED_FUNCTION = YES;
				GCC_WARN_UNUSED_VARIABLE = YES;
				LOCALIZATION_PREFERS_STRING_CATALOGS = YES;
				MTL_ENABLE_DEBUG_INFO = NO;
				MTL_FAST_MATH = YES;
				SWIFT_COMPILATION_MODE = wholemodule;
			};
			name = Release;
		};
		6A24DE232F8C8B1100BC532A /* Debug */ = {
			isa = XCBuildConfiguration;
			buildSettings = {
				ASSETCATALOG_COMPILER_APPICON_NAME = AppIcon;
				ASSETCATALOG_COMPILER_GLOBAL_ACCENT_COLOR_NAME = AccentColor;
				CODE_SIGN_ENTITLEMENTS = "White Noise - Sleep Sounds/White Noise - Sleep Sounds.entitlements";
				CODE_SIGN_STYLE = Automatic;
				CURRENT_PROJECT_VERSION = 5;
				DEVELOPMENT_TEAM = 6A695EU2KW;
				ENABLE_APP_SANDBOX = YES;
				ENABLE_HARDENED_RUNTIME = YES;
				ENABLE_PREVIEWS = YES;
				ENABLE_USER_SELECTED_FILES = readonly;
				GENERATE_INFOPLIST_FILE = YES;
				INFOPLIST_KEY_CFBundleDisplayName = "White Noise — Sleep Sounds";
				INFOPLIST_KEY_LSApplicationCategoryType = "public.app-category.healthcare-fitness";
				"INFOPLIST_KEY_UIApplicationSceneManifest_Generation[sdk=iphoneos*]" = YES;
				"INFOPLIST_KEY_UIApplicationSceneManifest_Generation[sdk=iphonesimulator*]" = YES;
				"INFOPLIST_KEY_UIApplicationSupportsIndirectInputEvents[sdk=iphoneos*]" = YES;
				"INFOPLIST_KEY_UIApplicationSupportsIndirectInputEvents[sdk=iphonesimulator*]" = YES;
				"INFOPLIST_KEY_UILaunchScreen_Generation[sdk=iphoneos*]" = YES;
				"INFOPLIST_KEY_UILaunchScreen_Generation[sdk=iphonesimulator*]" = YES;
				"INFOPLIST_KEY_UIStatusBarStyle[sdk=iphoneos*]" = UIStatusBarStyleDefault;
				"INFOPLIST_KEY_UIStatusBarStyle[sdk=iphonesimulator*]" = UIStatusBarStyleDefault;
				INFOPLIST_KEY_UISupportedInterfaceOrientations = UIInterfaceOrientationPortrait;
				INFOPLIST_KEY_UISupportedInterfaceOrientations_iPad = "UIInterfaceOrientationLandscapeLeft UIInterfaceOrientationLandscapeRight UIInterfaceOrientationPortrait UIInterfaceOrientationPortraitUpsideDown";
				IPHONEOS_DEPLOYMENT_TARGET = 17.6;
				LD_RUNPATH_SEARCH_PATHS = "@executable_path/Frameworks";
				"LD_RUNPATH_SEARCH_PATHS[sdk=macosx*]" = "@executable_path/../Frameworks";
				MACOSX_DEPLOYMENT_TARGET = 14.6;
				MARKETING_VERSION = 1.3;
				PRODUCT_BUNDLE_IDENTIFIER = "zalgo.White-Noise---Sleep-Sounds";
				PRODUCT_NAME = "$(TARGET_NAME)";
				REGISTER_APP_GROUPS = YES;
				SDKROOT = auto;
				STRING_CATALOG_GENERATE_SYMBOLS = YES;
				SUPPORTED_PLATFORMS = "iphoneos iphonesimulator macosx xros xrsimulator";
				SWIFT_APPROACHABLE_CONCURRENCY = YES;
				SWIFT_DEFAULT_ACTOR_ISOLATION = MainActor;
				SWIFT_EMIT_LOC_STRINGS = YES;
				SWIFT_UPCOMING_FEATURE_MEMBER_IMPORT_VISIBILITY = YES;
				SWIFT_VERSION = 5.0;
				TARGETED_DEVICE_FAMILY = "1,2,7";
				XROS_DEPLOYMENT_TARGET = 1.3;
			};
			name = Debug;
		};
		6A24DE242F8C8B1100BC532A /* Release */ = {
			isa = XCBuildConfiguration;
			buildSettings = {
				ASSETCATALOG_COMPILER_APPICON_NAME = AppIcon;
				ASSETCATALOG_COMPILER_GLOBAL_ACCENT_COLOR_NAME = AccentColor;
				CODE_SIGN_ENTITLEMENTS = "White Noise - Sleep Sounds/White Noise - Sleep Sounds.entitlements";
				CODE_SIGN_STYLE = Automatic;
				CURRENT_PROJECT_VERSION = 5;
				DEVELOPMENT_TEAM = 6A695EU2KW;
				ENABLE_APP_SANDBOX = YES;
				ENABLE_HARDENED_RUNTIME = YES;
				ENABLE_PREVIEWS = YES;
				ENABLE_USER_SELECTED_FILES = readonly;
				GENERATE_INFOPLIST_FILE = YES;
				INFOPLIST_KEY_CFBundleDisplayName = "White Noise — Sleep Sounds";
				INFOPLIST_KEY_LSApplicationCategoryType = "public.app-category.healthcare-fitness";
				"INFOPLIST_KEY_UIApplicationSceneManifest_Generation[sdk=iphoneos*]" = YES;
				"INFOPLIST_KEY_UIApplicationSceneManifest_Generation[sdk=iphonesimulator*]" = YES;
				"INFOPLIST_KEY_UIApplicationSupportsIndirectInputEvents[sdk=iphoneos*]" = YES;
				"INFOPLIST_KEY_UIApplicationSupportsIndirectInputEvents[sdk=iphonesimulator*]" = YES;
				"INFOPLIST_KEY_UILaunchScreen_Generation[sdk=iphoneos*]" = YES;
				"INFOPLIST_KEY_UILaunchScreen_Generation[sdk=iphonesimulator*]" = YES;
				"INFOPLIST_KEY_UIStatusBarStyle[sdk=iphoneos*]" = UIStatusBarStyleDefault;
				"INFOPLIST_KEY_UIStatusBarStyle[sdk=iphonesimulator*]" = UIStatusBarStyleDefault;
				INFOPLIST_KEY_UISupportedInterfaceOrientations = UIInterfaceOrientationPortrait;
				INFOPLIST_KEY_UISupportedInterfaceOrientations_iPad = "UIInterfaceOrientationLandscapeLeft UIInterfaceOrientationLandscapeRight UIInterfaceOrientationPortrait UIInterfaceOrientationPortraitUpsideDown";
				IPHONEOS_DEPLOYMENT_TARGET = 17.6;
				LD_RUNPATH_SEARCH_PATHS = "@executable_path/Frameworks";
				"LD_RUNPATH_SEARCH_PATHS[sdk=macosx*]" = "@executable_path/../Frameworks";
				MACOSX_DEPLOYMENT_TARGET = 14.6;
				MARKETING_VERSION = 1.3;
				PRODUCT_BUNDLE_IDENTIFIER = "zalgo.White-Noise---Sleep-Sounds";
				PRODUCT_NAME = "$(TARGET_NAME)";
				REGISTER_APP_GROUPS = YES;
				SDKROOT = auto;
				STRING_CATALOG_GENERATE_SYMBOLS = YES;
				SUPPORTED_PLATFORMS = "iphoneos iphonesimulator macosx xros xrsimulator";
				SWIFT_APPROACHABLE_CONCURRENCY = YES;
				SWIFT_DEFAULT_ACTOR_ISOLATION = MainActor;
				SWIFT_EMIT_LOC_STRINGS = YES;
				SWIFT_UPCOMING_FEATURE_MEMBER_IMPORT_VISIBILITY = YES;
				SWIFT_VERSION = 5.0;
				TARGETED_DEVICE_FAMILY = "1,2,7";
				XROS_DEPLOYMENT_TARGET = 1.3;
			};
			name = Release;
		};
		6A24DE262F8C8B1100BC532A /* Debug */ = {
			isa = XCBuildConfiguration;
			buildSettings = {
				BUNDLE_LOADER = "$(TEST_HOST)";
				CODE_SIGN_STYLE = Automatic;
				CURRENT_PROJECT_VERSION = 1;
				DEVELOPMENT_TEAM = 6A695EU2KW;
				GENERATE_INFOPLIST_FILE = YES;
				IPHONEOS_DEPLOYMENT_TARGET = 26.4;
				MACOSX_DEPLOYMENT_TARGET = 26.4;
				MARKETING_VERSION = 1.0;
				PRODUCT_BUNDLE_IDENTIFIER = "zalgo.White-Noise---Sleep-SoundsTests";
				PRODUCT_NAME = "$(TARGET_NAME)";
				SDKROOT = auto;
				STRING_CATALOG_GENERATE_SYMBOLS = NO;
				SUPPORTED_PLATFORMS = "iphoneos iphonesimulator macosx xros xrsimulator";
				SWIFT_APPROACHABLE_CONCURRENCY = YES;
				SWIFT_EMIT_LOC_STRINGS = NO;
				SWIFT_UPCOMING_FEATURE_MEMBER_IMPORT_VISIBILITY = YES;
				SWIFT_VERSION = 5.0;
				TARGETED_DEVICE_FAMILY = "1,2,7";
				TEST_HOST = "$(BUILT_PRODUCTS_DIR)/White Noise - Sleep Sounds.app/$(BUNDLE_EXECUTABLE_FOLDER_PATH)/White Noise - Sleep Sounds";
				XROS_DEPLOYMENT_TARGET = 26.4;
			};
			name = Debug;
		};
		6A24DE272F8C8B1100BC532A /* Release */ = {
			isa = XCBuildConfiguration;
			buildSettings = {
				BUNDLE_LOADER = "$(TEST_HOST)";
				CODE_SIGN_STYLE = Automatic;
				CURRENT_PROJECT_VERSION = 1;
				DEVELOPMENT_TEAM = 6A695EU2KW;
				GENERATE_INFOPLIST_FILE = YES;
				IPHONEOS_DEPLOYMENT_TARGET = 26.4;
				MACOSX_DEPLOYMENT_TARGET = 26.4;
				MARKETING_VERSION = 1.0;
				PRODUCT_BUNDLE_IDENTIFIER = "zalgo.White-Noise---Sleep-SoundsTests";
				PRODUCT_NAME = "$(TARGET_NAME)";
				SDKROOT = auto;
				STRING_CATALOG_GENERATE_SYMBOLS = NO;
				SUPPORTED_PLATFORMS = "iphoneos iphonesimulator macosx xros xrsimulator";
				SWIFT_APPROACHABLE_CONCURRENCY = YES;
				SWIFT_EMIT_LOC_STRINGS = NO;
				SWIFT_UPCOMING_FEATURE_MEMBER_IMPORT_VISIBILITY = YES;
				SWIFT_VERSION = 5.0;
				TARGETED_DEVICE_FAMILY = "1,2,7";
				TEST_HOST = "$(BUILT_PRODUCTS_DIR)/White Noise - Sleep Sounds.app/$(BUNDLE_EXECUTABLE_FOLDER_PATH)/White Noise - Sleep Sounds";
				XROS_DEPLOYMENT_TARGET = 26.4;
			};
			name = Release;
		};
		6A24DE292F8C8B1100BC532A /* Debug */ = {
			isa = XCBuildConfiguration;
			buildSettings = {
				CODE_SIGN_STYLE = Automatic;
				CURRENT_PROJECT_VERSION = 1;
				DEVELOPMENT_TEAM = 6A695EU2KW;
				GENERATE_INFOPLIST_FILE = YES;
				IPHONEOS_DEPLOYMENT_TARGET = 26.4;
				MACOSX_DEPLOYMENT_TARGET = 26.4;
				MARKETING_VERSION = 1.0;
				PRODUCT_BUNDLE_IDENTIFIER = "zalgo.White-Noise---Sleep-SoundsUITests";
				PRODUCT_NAME = "$(TARGET_NAME)";
				SDKROOT = auto;
				STRING_CATALOG_GENERATE_SYMBOLS = NO;
				SUPPORTED_PLATFORMS = "iphoneos iphonesimulator macosx xros xrsimulator";
				SWIFT_APPROACHABLE_CONCURRENCY = YES;
				SWIFT_EMIT_LOC_STRINGS = NO;
				SWIFT_UPCOMING_FEATURE_MEMBER_IMPORT_VISIBILITY = YES;
				SWIFT_VERSION = 5.0;
				TARGETED_DEVICE_FAMILY = "1,2,7";
				TEST_TARGET_NAME = "White Noise - Sleep Sounds";
				XROS_DEPLOYMENT_TARGET = 26.4;
			};
			name = Debug;
		};
		6A24DE2A2F8C8B1100BC532A /* Release */ = {
			isa = XCBuildConfiguration;
			buildSettings = {
				CODE_SIGN_STYLE = Automatic;
				CURRENT_PROJECT_VERSION = 1;
				DEVELOPMENT_TEAM = 6A695EU2KW;
				GENERATE_INFOPLIST_FILE = YES;
				IPHONEOS_DEPLOYMENT_TARGET = 26.4;
				MACOSX_DEPLOYMENT_TARGET = 26.4;
				MARKETING_VERSION = 1.0;
				PRODUCT_BUNDLE_IDENTIFIER = "zalgo.White-Noise---Sleep-SoundsUITests";
				PRODUCT_NAME = "$(TARGET_NAME)";
				SDKROOT = auto;
				STRING_CATALOG_GENERATE_SYMBOLS = NO;
				SUPPORTED_PLATFORMS = "iphoneos iphonesimulator macosx xros xrsimulator";
				SWIFT_APPROACHABLE_CONCURRENCY = YES;
				SWIFT_EMIT_LOC_STRINGS = NO;
				SWIFT_UPCOMING_FEATURE_MEMBER_IMPORT_VISIBILITY = YES;
				SWIFT_VERSION = 5.0;
				TARGETED_DEVICE_FAMILY = "1,2,7";
				TEST_TARGET_NAME = "White Noise - Sleep Sounds";
				XROS_DEPLOYMENT_TARGET = 26.4;
			};
			name = Release;
		};
		6A341C1F2F8F287B003FB276 /* Debug */ = {
			isa = XCBuildConfiguration;
			buildSettings = {
				ASSETCATALOG_COMPILER_GLOBAL_ACCENT_COLOR_NAME = AccentColor;
				ASSETCATALOG_COMPILER_WIDGET_BACKGROUND_COLOR_NAME = WidgetBackground;
				CODE_SIGN_STYLE = Automatic;
				CURRENT_PROJECT_VERSION = 1;
				DEVELOPMENT_TEAM = 6A695EU2KW;
				GENERATE_INFOPLIST_FILE = YES;
				INFOPLIST_FILE = "White​Noise​Widgets/Info.plist";
				INFOPLIST_KEY_CFBundleDisplayName = "White​Noise​Widgets";
				INFOPLIST_KEY_NSHumanReadableCopyright = "";
				IPHONEOS_DEPLOYMENT_TARGET = 26.4;
				LD_RUNPATH_SEARCH_PATHS = (
					"$(inherited)",
					"@executable_path/Frameworks",
					"@executable_path/../../Frameworks",
				);
				MARKETING_VERSION = 1.0;
				PRODUCT_BUNDLE_IDENTIFIER = "zalgo.White-Noise---Sleep-Sounds.White-Noise-Widgets";
				PRODUCT_NAME = "$(TARGET_NAME)";
				SDKROOT = iphoneos;
				SKIP_INSTALL = YES;
				STRING_CATALOG_GENERATE_SYMBOLS = YES;
				SWIFT_APPROACHABLE_CONCURRENCY = YES;
				SWIFT_EMIT_LOC_STRINGS = YES;
				SWIFT_UPCOMING_FEATURE_MEMBER_IMPORT_VISIBILITY = YES;
				SWIFT_VERSION = 5.0;
				TARGETED_DEVICE_FAMILY = "1,2";
			};
			name = Debug;
		};
		6A341C202F8F287B003FB276 /* Release */ = {
			isa = XCBuildConfiguration;
			buildSettings = {
				ASSETCATALOG_COMPILER_GLOBAL_ACCENT_COLOR_NAME = AccentColor;
				ASSETCATALOG_COMPILER_WIDGET_BACKGROUND_COLOR_NAME = WidgetBackground;
				CODE_SIGN_STYLE = Automatic;
				CURRENT_PROJECT_VERSION = 1;
				DEVELOPMENT_TEAM = 6A695EU2KW;
				GENERATE_INFOPLIST_FILE = YES;
				INFOPLIST_FILE = "White​Noise​Widgets/Info.plist";
				INFOPLIST_KEY_CFBundleDisplayName = "White​Noise​Widgets";
				INFOPLIST_KEY_NSHumanReadableCopyright = "";
				IPHONEOS_DEPLOYMENT_TARGET = 26.4;
				LD_RUNPATH_SEARCH_PATHS = (
					"$(inherited)",
					"@executable_path/Frameworks",
					"@executable_path/../../Frameworks",
				);
				MARKETING_VERSION = 1.0;
				PRODUCT_BUNDLE_IDENTIFIER = "zalgo.White-Noise---Sleep-Sounds.White-Noise-Widgets";
				PRODUCT_NAME = "$(TARGET_NAME)";
				SDKROOT = iphoneos;
				SKIP_INSTALL = YES;
				STRING_CATALOG_GENERATE_SYMBOLS = YES;
				SWIFT_APPROACHABLE_CONCURRENCY = YES;
				SWIFT_EMIT_LOC_STRINGS = YES;
				SWIFT_UPCOMING_FEATURE_MEMBER_IMPORT_VISIBILITY = YES;
				SWIFT_VERSION = 5.0;
				TARGETED_DEVICE_FAMILY = "1,2";
				VALIDATE_PRODUCT = YES;
			};
			name = Release;
		};
/* End XCBuildConfiguration section */

/* Begin XCConfigurationList section */
		6A24DDFC2F8C8B0F00BC532A /* Build configuration list for PBXProject "White Noise - Sleep Sounds" */ = {
			isa = XCConfigurationList;
			buildConfigurations = (
				6A24DE202F8C8B1100BC532A /* Debug */,
				6A24DE212F8C8B1100BC532A /* Release */,
			);
			defaultConfigurationIsVisible = 0;
			defaultConfigurationName = Release;
		};
		6A24DE222F8C8B1100BC532A /* Build configuration list for PBXNativeTarget "White Noise - Sleep Sounds" */ = {
			isa = XCConfigurationList;
			buildConfigurations = (
				6A24DE232F8C8B1100BC532A /* Debug */,
				6A24DE242F8C8B1100BC532A /* Release */,
			);
			defaultConfigurationIsVisible = 0;
			defaultConfigurationName = Release;
		};
		6A24DE252F8C8B1100BC532A /* Build configuration list for PBXNativeTarget "White Noise - Sleep SoundsTests" */ = {
			isa = XCConfigurationList;
			buildConfigurations = (
				6A24DE262F8C8B1100BC532A /* Debug */,
				6A24DE272F8C8B1100BC532A /* Release */,
			);
			defaultConfigurationIsVisible = 0;
			defaultConfigurationName = Release;
		};
		6A24DE282F8C8B1100BC532A /* Build configuration list for PBXNativeTarget "White Noise - Sleep SoundsUITests" */ = {
			isa = XCConfigurationList;
			buildConfigurations = (
				6A24DE292F8C8B1100BC532A /* Debug */,
				6A24DE2A2F8C8B1100BC532A /* Release */,
			);
			defaultConfigurationIsVisible = 0;
			defaultConfigurationName = Release;
		};
		6A341C1E2F8F287B003FB276 /* Build configuration list for PBXNativeTarget "White​Noise​WidgetsExtension" */ = {
			isa = XCConfigurationList;
			buildConfigurations = (
				6A341C1F2F8F287B003FB276 /* Debug */,
				6A341C202F8F287B003FB276 /* Release */,
			);
			defaultConfigurationIsVisible = 0;
			defaultConfigurationName = Release;
		};
/* End XCConfigurationList section */

/* Begin XCRemoteSwiftPackageReference section */
		6A341BEE2F8F19AD003FB276 /* XCRemoteSwiftPackageReference "purchases-ios" */ = {
			isa = XCRemoteSwiftPackageReference;
			repositoryURL = "https://github.com/RevenueCat/purchases-ios.git";
			requirement = {
				kind = upToNextMajorVersion;
				minimumVersion = 5.67.2;
			};
		};
		6A694B3B2F90B89300E2A337 /* XCRemoteSwiftPackageReference "firebase-ios-sdk" */ = {
			isa = XCRemoteSwiftPackageReference;
			repositoryURL = "https://github.com/firebase/firebase-ios-sdk";
			requirement = {
				kind = upToNextMajorVersion;
				minimumVersion = 12.12.0;
			};
		};
/* End XCRemoteSwiftPackageReference section */

/* Begin XCSwiftPackageProductDependency section */
		6A694B3E2F90B98700E2A337 /* FirebaseAnalytics */ = {
			isa = XCSwiftPackageProductDependency;
			package = 6A694B3B2F90B89300E2A337 /* XCRemoteSwiftPackageReference "firebase-ios-sdk" */;
			productName = FirebaseAnalytics;
		};
		6A694B402F90C90100E2A337 /* RevenueCat */ = {
			isa = XCSwiftPackageProductDependency;
			package = 6A341BEE2F8F19AD003FB276 /* XCRemoteSwiftPackageReference "purchases-ios" */;
			productName = RevenueCat;
		};
/* End XCSwiftPackageProductDependency section */
	};
	rootObject = 6A24DDF92F8C8B0F00BC532A /* Project object */;
}
